Microsoft Visual Studio Solution File, Format Version 12.00
# Visual Studio Version 17
VisualStudioVersion = 17.5.2.0
MinimumVisualStudioVersion = 10.0.40219.1
Project("{FAE04EC0-301F-11D3-BF4B-00C04F79EFBC}") = "QuotationManagement", "QuotationManagement.csproj", "{F70EB4DF-8B05-896F-73A4-B6556747FDA1}"
EndProject
Global
	GlobalSection(SolutionConfigurationPlatforms) = preSolution
		Debug|Any CPU = Debug|Any CPU
		Release|Any CPU = Release|Any CPU
	EndGlobalSection
	GlobalSection(ProjectConfigurationPlatforms) = postSolution
		{F70EB4DF-8B05-896F-73A4-B6556747FDA1}.Debug|Any CPU.ActiveCfg = Debug|Any CPU
		{F70EB4DF-8B05-896F-73A4-B6556747FDA1}.Debug|Any CPU.Build.0 = Debug|Any CPU
		{F70EB4DF-8B05-896F-73A4-B6556747FDA1}.Release|Any CPU.ActiveCfg = Release|Any CPU
		{F70EB4DF-8B05-896F-73A4-B6556747FDA1}.Release|Any CPU.Build.0 = Release|Any CPU
	EndGlobalSection
	GlobalSection(SolutionProperties) = preSolution
		HideSolutionNode = FALSE
	EndGlobalSection
	GlobalSection(ExtensibilityGlobals) = postSolution
		SolutionGuid = {8D439B9F-BBC6-411C-8904-D35A45347E7B}
	EndGlobalSection
EndGlobal
